
Microsoft Visual Studio Solution File, Format Version 12.00
# Visual Studio Version 16
VisualStudioVersion = 16.0.31205.134
MinimumVisualStudioVersion = 10.0.40219.1
Project("{FAE04EC0-301F-11D3-BF4B-00C04F79EFBC}") = "Lesson 1 unit 1", "Lesson 1 unit 1\Lesson 1 unit 1.csproj", "{89F2EAE3-B9F7-4E5C-8964-EA6B06A23907}"
EndProject
Global
	GlobalSection(SolutionConfigurationPlatforms) = preSolution
		Debug|Any CPU = Debug|Any CPU
		Release|Any CPU = Release|Any CPU
	EndGlobalSection
	GlobalSection(ProjectConfigurationPlatforms) = postSolution
		{89F2EAE3-B9F7-4E5C-8964-EA6B06A23907}.Debug|Any CPU.ActiveCfg = Debug|Any CPU
		{89F2EAE3-B9F7-4E5C-8964-EA6B06A23907}.Debug|Any CPU.Build.0 = Debug|Any CPU
		{89F2EAE3-B9F7-4E5C-8964-EA6B06A23907}.Release|Any CPU.ActiveCfg = Release|Any CPU
		{89F2EAE3-B9F7-4E5C-8964-EA6B06A23907}.Release|Any CPU.Build.0 = Release|Any CPU
	EndGlobalSection
	GlobalSection(SolutionProperties) = preSolution
		HideSolutionNode = FALSE
	EndGlobalSection
	GlobalSection(ExtensibilityGlobals) = postSolution
		SolutionGuid = {AD49ACE8-343A-4FE4-ADF9-9EFA0B4AC398}
	EndGlobalSection
EndGlobal
